# THIS IS AN AUTOGENERATED FILE. DO NOT EDIT THIS FILE DIRECTLY.
# yarn lockfile v1


d.js@~0.7.3:
  version "0.7.5"
  resolved "https://registry.yarnpkg.com/d.js/-/d.js-0.7.5.tgz#06e8b8c4f6ae979c4b817c321894ce2e1f5fa90e"

dot@>=1.0.3:
  version "1.1.2"
  resolved "https://registry.yarnpkg.com/dot/-/dot-1.1.2.tgz#c7377019fc4e550798928b2b9afeb66abfa1f2f9"

photo-sphere-viewer@^3.2.3:
  version "3.2.3"
  resolved "https://registry.yarnpkg.com/photo-sphere-viewer/-/photo-sphere-viewer-3.2.3.tgz#877b5777cfec78efbb025ba0d30c27378386e9e6"
  dependencies:
    d.js "~0.7.3"
    dot ">=1.0.3"
    three ">= 0.70.0"
    uevent "~1.0.0"

"three@>= 0.70.0":
  version "0.85.2"
  resolved "https://registry.yarnpkg.com/three/-/three-0.85.2.tgz#8936f89c3668f7bf12f9b085ddf5dd409916ea27"

uevent@~1.0.0:
  version "1.0.0"
  resolved "https://registry.yarnpkg.com/uevent/-/uevent-1.0.0.tgz#2948a2d441d179000470e21aed126c67b000976c"
