// !$*UTF8*$!
{
	archiveVersion = 1;
	classes = {
	};
	objectVersion = 46;
	objects = {

/* Begin PBXBuildFile section */
		FF054EB81E5A199D00EC31DD /* PanoramaWebView in Resources */ = {isa = PBXBuildFile; fileRef = FF054EB71E5A199D00EC31DD /* PanoramaWebView */; };
		FF054EC01E5A1F3200EC31DD /* AppDelegate.swift in Sources */ = {isa = PBXBuildFile; fileRef = FF054EBF1E5A1F3200EC31DD /* AppDelegate.swift */; };
		FF054EC21E5A1F3200EC31DD /* Assets.xcassets in Resources */ = {isa = PBXBuildFile; fileRef = FF054EC11E5A1F3200EC31DD /* Assets.xcassets */; };
		FF054EC51E5A1F3200EC31DD /* MainMenu.xib in Resources */ = {isa = PBXBuildFile; fileRef = FF054EC31E5A1F3200EC31DD /* MainMenu.xib */; };
		FF054ECA1E5A1F9C00EC31DD /* PanoramaScreenSaverView.swift in Sources */ = {isa = PBXBuildFile; fileRef = FFDC68F71E5A12E600FFA935 /* PanoramaScreenSaverView.swift */; };
		FF054ECB1E5A304E00EC31DD /* PanoramaWebView in Resources */ = {isa = PBXBuildFile; fileRef = FF054EB71E5A199D00EC31DD /* PanoramaWebView */; };
		FF5E60451E622173005845B7 /* thumbnail.png in Resources */ = {isa = PBXBuildFile; fileRef = FF5E60421E622173005845B7 /* thumbnail.png */; };
		FF5E60461E622173005845B7 /* thumbnail@2x.png in Resources */ = {isa = PBXBuildFile; fileRef = FF5E60431E622173005845B7 /* thumbnail@2x.png */; };
		FF5E60471E622173005845B7 /* thumbnail@4x.png in Resources */ = {isa = PBXBuildFile; fileRef = FF5E60441E622173005845B7 /* thumbnail@4x.png */; };
		FF69C57E1E623B6C00838988 /* DefaultsManager.swift in Sources */ = {isa = PBXBuildFile; fileRef = FF69C57D1E623B6C00838988 /* DefaultsManager.swift */; };
		FF69C57F1E623B6C00838988 /* DefaultsManager.swift in Sources */ = {isa = PBXBuildFile; fileRef = FF69C57D1E623B6C00838988 /* DefaultsManager.swift */; };
		FF69C5811E623D3400838988 /* ConfigureSheetController.swift in Sources */ = {isa = PBXBuildFile; fileRef = FF69C5801E623D3400838988 /* ConfigureSheetController.swift */; };
		FF69C5821E623D3500838988 /* ConfigureSheetController.swift in Sources */ = {isa = PBXBuildFile; fileRef = FF69C5801E623D3400838988 /* ConfigureSheetController.swift */; };
		FF69C5841E623D7700838988 /* ConfigureSheet.xib in Resources */ = {isa = PBXBuildFile; fileRef = FF69C5831E623D7700838988 /* ConfigureSheet.xib */; };
		FF69C5851E623D7700838988 /* ConfigureSheet.xib in Resources */ = {isa = PBXBuildFile; fileRef = FF69C5831E623D7700838988 /* ConfigureSheet.xib */; };
		FFDC68F81E5A12E600FFA935 /* PanoramaScreenSaverView.swift in Sources */ = {isa = PBXBuildFile; fileRef = FFDC68F71E5A12E600FFA935 /* PanoramaScreenSaverView.swift */; };
/* End PBXBuildFile section */

/* Begin PBXFileReference section */
		FF054EB71E5A199D00EC31DD /* PanoramaWebView */ = {isa = PBXFileReference; lastKnownFileType = folder; path = PanoramaWebView; sourceTree = "<group>"; };
		FF054EBD1E5A1F3200EC31DD /* PanoramaScreenSaverApp.app */ = {isa = PBXFileReference; explicitFileType = wrapper.application; includeInIndex = 0; path = PanoramaScreenSaverApp.app; sourceTree = BUILT_PRODUCTS_DIR; };
		FF054EBF1E5A1F3200EC31DD /* AppDelegate.swift */ = {isa = PBXFileReference; lastKnownFileType = sourcecode.swift; path = AppDelegate.swift; sourceTree = "<group>"; };
		FF054EC11E5A1F3200EC31DD /* Assets.xcassets */ = {isa = PBXFileReference; lastKnownFileType = folder.assetcatalog; path = Assets.xcassets; sourceTree = "<group>"; };
		FF054EC41E5A1F3200EC31DD /* Base */ = {isa = PBXFileReference; lastKnownFileType = file.xib; name = Base; path = Base.lproj/MainMenu.xib; sourceTree = "<group>"; };
		FF054EC61E5A1F3200EC31DD /* Info.plist */ = {isa = PBXFileReference; lastKnownFileType = text.plist.xml; path = Info.plist; sourceTree = "<group>"; };
		FF5E60421E622173005845B7 /* thumbnail.png */ = {isa = PBXFileReference; lastKnownFileType = image.png; path = thumbnail.png; sourceTree = "<group>"; };
		FF5E60431E622173005845B7 /* thumbnail@2x.png */ = {isa = PBXFileReference; lastKnownFileType = image.png; path = "thumbnail@2x.png"; sourceTree = "<group>"; };
		FF5E60441E622173005845B7 /* thumbnail@4x.png */ = {isa = PBXFileReference; lastKnownFileType = image.png; path = "thumbnail@4x.png"; sourceTree = "<group>"; };
		FF69C57D1E623B6C00838988 /* DefaultsManager.swift */ = {isa = PBXFileReference; fileEncoding = 4; lastKnownFileType = sourcecode.swift; path = DefaultsManager.swift; sourceTree = "<group>"; };
		FF69C5801E623D3400838988 /* ConfigureSheetController.swift */ = {isa = PBXFileReference; fileEncoding = 4; lastKnownFileType = sourcecode.swift; path = ConfigureSheetController.swift; sourceTree = "<group>"; };
		FF69C5831E623D7700838988 /* ConfigureSheet.xib */ = {isa = PBXFileReference; fileEncoding = 4; lastKnownFileType = file.xib; path = ConfigureSheet.xib; sourceTree = "<group>"; };
		FFDC68EA1E5A12B300FFA935 /* PanoramaScreenSaver.saver */ = {isa = PBXFileReference; explicitFileType = wrapper.cfbundle; includeInIndex = 0; path = PanoramaScreenSaver.saver; sourceTree = BUILT_PRODUCTS_DIR; };
		FFDC68F11E5A12B300FFA935 /* Info.plist */ = {isa = PBXFileReference; lastKnownFileType = text.plist.xml; path = Info.plist; sourceTree = "<group>"; };
		FFDC68F71E5A12E600FFA935 /* PanoramaScreenSaverView.swift */ = {isa = PBXFileReference; fileEncoding = 4; lastKnownFileType = sourcecode.swift; path = PanoramaScreenSaverView.swift; sourceTree = "<group>"; };
/* End PBXFileReference section */

/* Begin PBXFrameworksBuildPhase section */
		FF054EBA1E5A1F3200EC31DD /* Frameworks */ = {
			isa = PBXFrameworksBuildPhase;
			buildActionMask = 2147483647;
			files = (
			);
			runOnlyForDeploymentPostprocessing = 0;
		};
		FFDC68E61E5A12B300FFA935 /* Frameworks */ = {
			isa = PBXFrameworksBuildPhase;
			buildActionMask = 2147483647;
			files = (
			);
			runOnlyForDeploymentPostprocessing = 0;
		};
/* End PBXFrameworksBuildPhase section */

/* Begin PBXGroup section */
		FF054EBE1E5A1F3200EC31DD /* PanoramaScreenSaverApp */ = {
			isa = PBXGroup;
			children = (
				FF054EBF1E5A1F3200EC31DD /* AppDelegate.swift */,
				FF054EC11E5A1F3200EC31DD /* Assets.xcassets */,
				FF054EC31E5A1F3200EC31DD /* MainMenu.xib */,
				FF054EC61E5A1F3200EC31DD /* Info.plist */,
			);
			path = PanoramaScreenSaverApp;
			sourceTree = "<group>";
		};
		FFDC68E01E5A12B300FFA935 = {
			isa = PBXGroup;
			children = (
				FF054EB71E5A199D00EC31DD /* PanoramaWebView */,
				FFDC68EC1E5A12B300FFA935 /* PanoramaScreenSaver */,
				FF054EBE1E5A1F3200EC31DD /* PanoramaScreenSaverApp */,
				FFDC68EB1E5A12B300FFA935 /* Products */,
			);
			sourceTree = "<group>";
		};
		FFDC68EB1E5A12B300FFA935 /* Products */ = {
			isa = PBXGroup;
			children = (
				FFDC68EA1E5A12B300FFA935 /* PanoramaScreenSaver.saver */,
				FF054EBD1E5A1F3200EC31DD /* PanoramaScreenSaverApp.app */,
			);
			name = Products;
			sourceTree = "<group>";
		};
		FFDC68EC1E5A12B300FFA935 /* PanoramaScreenSaver */ = {
			isa = PBXGroup;
			children = (
				FF5E60421E622173005845B7 /* thumbnail.png */,
				FF5E60431E622173005845B7 /* thumbnail@2x.png */,
				FF5E60441E622173005845B7 /* thumbnail@4x.png */,
				FFDC68F11E5A12B300FFA935 /* Info.plist */,
				FFDC68F71E5A12E600FFA935 /* PanoramaScreenSaverView.swift */,
				FF69C57D1E623B6C00838988 /* DefaultsManager.swift */,
				FF69C5801E623D3400838988 /* ConfigureSheetController.swift */,
				FF69C5831E623D7700838988 /* ConfigureSheet.xib */,
			);
			path = PanoramaScreenSaver;
			sourceTree = "<group>";
		};
/* End PBXGroup section */

/* Begin PBXHeadersBuildPhase section */
		FFDC68E71E5A12B300FFA935 /* Headers */ = {
			isa = PBXHeadersBuildPhase;
			buildActionMask = 2147483647;
			files = (
			);
			runOnlyForDeploymentPostprocessing = 0;
		};
/* End PBXHeadersBuildPhase section */

/* Begin PBXNativeTarget section */
		FF054EBC1E5A1F3200EC31DD /* PanoramaScreenSaverApp */ = {
			isa = PBXNativeTarget;
			buildConfigurationList = FF054EC71E5A1F3200EC31DD /* Build configuration list for PBXNativeTarget "PanoramaScreenSaverApp" */;
			buildPhases = (
				FF054EB91E5A1F3200EC31DD /* Sources */,
				FF054EBA1E5A1F3200EC31DD /* Frameworks */,
				FF054EBB1E5A1F3200EC31DD /* Resources */,
			);
			buildRules = (
			);
			dependencies = (
			);
			name = PanoramaScreenSaverApp;
			productName = PanoramaScreenSaverApp;
			productReference = FF054EBD1E5A1F3200EC31DD /* PanoramaScreenSaverApp.app */;
			productType = "com.apple.product-type.application";
		};
		FFDC68E91E5A12B300FFA935 /* PanoramaScreenSaver */ = {
			isa = PBXNativeTarget;
			buildConfigurationList = FFDC68F41E5A12B300FFA935 /* Build configuration list for PBXNativeTarget "PanoramaScreenSaver" */;
			buildPhases = (
				FFDC68E51E5A12B300FFA935 /* Sources */,
				FFDC68E61E5A12B300FFA935 /* Frameworks */,
				FFDC68E71E5A12B300FFA935 /* Headers */,
				FFDC68E81E5A12B300FFA935 /* Resources */,
			);
			buildRules = (
			);
			dependencies = (
			);
			name = PanoramaScreenSaver;
			productName = PanoramaScreenSaver;
			productReference = FFDC68EA1E5A12B300FFA935 /* PanoramaScreenSaver.saver */;
			productType = "com.apple.product-type.bundle";
		};
/* End PBXNativeTarget section */

/* Begin PBXProject section */
		FFDC68E11E5A12B300FFA935 /* Project object */ = {
			isa = PBXProject;
			attributes = {
				LastSwiftUpdateCheck = 0820;
				LastUpgradeCheck = 0820;
				ORGANIZATIONNAME = "Louis Lagrange";
				TargetAttributes = {
					FF054EBC1E5A1F3200EC31DD = {
						CreatedOnToolsVersion = 8.2.1;
						ProvisioningStyle = Automatic;
					};
					FFDC68E91E5A12B300FFA935 = {
						CreatedOnToolsVersion = 8.2.1;
						LastSwiftMigration = 0820;
						ProvisioningStyle = Automatic;
					};
				};
			};
			buildConfigurationList = FFDC68E41E5A12B300FFA935 /* Build configuration list for PBXProject "PanoramaScreenSaver" */;
			compatibilityVersion = "Xcode 3.2";
			developmentRegion = English;
			hasScannedForEncodings = 0;
			knownRegions = (
				en,
				Base,
			);
			mainGroup = FFDC68E01E5A12B300FFA935;
			productRefGroup = FFDC68EB1E5A12B300FFA935 /* Products */;
			projectDirPath = "";
			projectRoot = "";
			targets = (
				FFDC68E91E5A12B300FFA935 /* PanoramaScreenSaver */,
				FF054EBC1E5A1F3200EC31DD /* PanoramaScreenSaverApp */,
			);
		};
/* End PBXProject section */

/* Begin PBXResourcesBuildPhase section */
		FF054EBB1E5A1F3200EC31DD /* Resources */ = {
			isa = PBXResourcesBuildPhase;
			buildActionMask = 2147483647;
			files = (
				FF054ECB1E5A304E00EC31DD /* PanoramaWebView in Resources */,
				FF054EC21E5A1F3200EC31DD /* Assets.xcassets in Resources */,
				FF69C5851E623D7700838988 /* ConfigureSheet.xib in Resources */,
				FF054EC51E5A1F3200EC31DD /* MainMenu.xib in Resources */,
			);
			runOnlyForDeploymentPostprocessing = 0;
		};
		FFDC68E81E5A12B300FFA935 /* Resources */ = {
			isa = PBXResourcesBuildPhase;
			buildActionMask = 2147483647;
			files = (
				FF5E60451E622173005845B7 /* thumbnail.png in Resources */,
				FF054EB81E5A199D00EC31DD /* PanoramaWebView in Resources */,
				FF5E60461E622173005845B7 /* thumbnail@2x.png in Resources */,
				FF5E60471E622173005845B7 /* thumbnail@4x.png in Resources */,
				FF69C5841E623D7700838988 /* ConfigureSheet.xib in Resources */,
			);
			runOnlyForDeploymentPostprocessing = 0;
		};
/* End PBXResourcesBuildPhase section */

/* Begin PBXSourcesBuildPhase section */
		FF054EB91E5A1F3200EC31DD /* Sources */ = {
			isa = PBXSourcesBuildPhase;
			buildActionMask = 2147483647;
			files = (
				FF69C5821E623D3500838988 /* ConfigureSheetController.swift in Sources */,
				FF054ECA1E5A1F9C00EC31DD /* PanoramaScreenSaverView.swift in Sources */,
				FF69C57F1E623B6C00838988 /* DefaultsManager.swift in Sources */,
				FF054EC01E5A1F3200EC31DD /* AppDelegate.swift in Sources */,
			);
			runOnlyForDeploymentPostprocessing = 0;
		};
		FFDC68E51E5A12B300FFA935 /* Sources */ = {
			isa = PBXSourcesBuildPhase;
			buildActionMask = 2147483647;
			files = (
				FFDC68F81E5A12E600FFA935 /* PanoramaScreenSaverView.swift in Sources */,
				FF69C5811E623D3400838988 /* ConfigureSheetController.swift in Sources */,
				FF69C57E1E623B6C00838988 /* DefaultsManager.swift in Sources */,
			);
			runOnlyForDeploymentPostprocessing = 0;
		};
/* End PBXSourcesBuildPhase section */

/* Begin PBXVariantGroup section */
		FF054EC31E5A1F3200EC31DD /* MainMenu.xib */ = {
			isa = PBXVariantGroup;
			children = (
				FF054EC41E5A1F3200EC31DD /* Base */,
			);
			name = MainMenu.xib;
			sourceTree = "<group>";
		};
/* End PBXVariantGroup section */

/* Begin XCBuildConfiguration section */
		FF054EC81E5A1F3200EC31DD /* Debug */ = {
			isa = XCBuildConfiguration;
			buildSettings = {
				ALWAYS_EMBED_SWIFT_STANDARD_LIBRARIES = NO;
				ASSETCATALOG_COMPILER_APPICON_NAME = AppIcon;
				COMBINE_HIDPI_IMAGES = YES;
				INFOPLIST_FILE = PanoramaScreenSaverApp/Info.plist;
				LD_RUNPATH_SEARCH_PATHS = "$(inherited) @executable_path/../Frameworks";
				OTHER_SWIFT_FLAGS = "-D APP";
				PRODUCT_BUNDLE_IDENTIFIER = louislagrange.PanoramaScreenSaverApp;
				PRODUCT_NAME = "$(TARGET_NAME)";
				SWIFT_ACTIVE_COMPILATION_CONDITIONS = DEBUG;
				SWIFT_OPTIMIZATION_LEVEL = "-Onone";
				SWIFT_VERSION = 3.0;
			};
			name = Debug;
		};
		FF054EC91E5A1F3200EC31DD /* Release */ = {
			isa = XCBuildConfiguration;
			buildSettings = {
				ALWAYS_EMBED_SWIFT_STANDARD_LIBRARIES = NO;
				ASSETCATALOG_COMPILER_APPICON_NAME = AppIcon;
				COMBINE_HIDPI_IMAGES = YES;
				INFOPLIST_FILE = PanoramaScreenSaverApp/Info.plist;
				LD_RUNPATH_SEARCH_PATHS = "$(inherited) @executable_path/../Frameworks";
				OTHER_SWIFT_FLAGS = "-D APP";
				PRODUCT_BUNDLE_IDENTIFIER = louislagrange.PanoramaScreenSaverApp;
				PRODUCT_NAME = "$(TARGET_NAME)";
				SWIFT_OPTIMIZATION_LEVEL = "-Owholemodule";
				SWIFT_VERSION = 3.0;
			};
			name = Release;
		};
		FFDC68F21E5A12B300FFA935 /* Debug */ = {
			isa = XCBuildConfiguration;
			buildSettings = {
				ALWAYS_SEARCH_USER_PATHS = NO;
				CLANG_ANALYZER_NONNULL = YES;
				CLANG_CXX_LANGUAGE_STANDARD = "gnu++0x";
				CLANG_CXX_LIBRARY = "libc++";
				CLANG_ENABLE_MODULES = YES;
				CLANG_ENABLE_OBJC_ARC = YES;
				CLANG_WARN_BOOL_CONVERSION = YES;
				CLANG_WARN_CONSTANT_CONVERSION = YES;
				CLANG_WARN_DIRECT_OBJC_ISA_USAGE = YES_ERROR;
				CLANG_WARN_DOCUMENTATION_COMMENTS = YES;
				CLANG_WARN_EMPTY_BODY = YES;
				CLANG_WARN_ENUM_CONVERSION = YES;
				CLANG_WARN_INFINITE_RECURSION = YES;
				CLANG_WARN_INT_CONVERSION = YES;
				CLANG_WARN_OBJC_ROOT_CLASS = YES_ERROR;
				CLANG_WARN_SUSPICIOUS_MOVE = YES;
				CLANG_WARN_UNREACHABLE_CODE = YES;
				CLANG_WARN__DUPLICATE_METHOD_MATCH = YES;
				CODE_SIGN_IDENTITY = "-";
				COPY_PHASE_STRIP = NO;
				DEBUG_INFORMATION_FORMAT = dwarf;
				ENABLE_STRICT_OBJC_MSGSEND = YES;
				ENABLE_TESTABILITY = YES;
				GCC_C_LANGUAGE_STANDARD = gnu99;
				GCC_DYNAMIC_NO_PIC = NO;
				GCC_NO_COMMON_BLOCKS = YES;
				GCC_OPTIMIZATION_LEVEL = 0;
				GCC_PREPROCESSOR_DEFINITIONS = (
					"DEBUG=1",
					"$(inherited)",
				);
				GCC_WARN_64_TO_32_BIT_CONVERSION = YES;
				GCC_WARN_ABOUT_RETURN_TYPE = YES_ERROR;
				GCC_WARN_UNDECLARED_SELECTOR = YES;
				GCC_WARN_UNINITIALIZED_AUTOS = YES_AGGRESSIVE;
				GCC_WARN_UNUSED_FUNCTION = YES;
				GCC_WARN_UNUSED_VARIABLE = YES;
				MACOSX_DEPLOYMENT_TARGET = 10.12;
				MTL_ENABLE_DEBUG_INFO = YES;
				ONLY_ACTIVE_ARCH = YES;
				SDKROOT = macosx;
			};
			name = Debug;
		};
		FFDC68F31E5A12B300FFA935 /* Release */ = {
			isa = XCBuildConfiguration;
			buildSettings = {
				ALWAYS_SEARCH_USER_PATHS = NO;
				CLANG_ANALYZER_NONNULL = YES;
				CLANG_CXX_LANGUAGE_STANDARD = "gnu++0x";
				CLANG_CXX_LIBRARY = "libc++";
				CLANG_ENABLE_MODULES = YES;
				CLANG_ENABLE_OBJC_ARC = YES;
				CLANG_WARN_BOOL_CONVERSION = YES;
				CLANG_WARN_CONSTANT_CONVERSION = YES;
				CLANG_WARN_DIRECT_OBJC_ISA_USAGE = YES_ERROR;
				CLANG_WARN_DOCUMENTATION_COMMENTS = YES;
				CLANG_WARN_EMPTY_BODY = YES;
				CLANG_WARN_ENUM_CONVERSION = YES;
				CLANG_WARN_INFINITE_RECURSION = YES;
				CLANG_WARN_INT_CONVERSION = YES;
				CLANG_WARN_OBJC_ROOT_CLASS = YES_ERROR;
				CLANG_WARN_SUSPICIOUS_MOVE = YES;
				CLANG_WARN_UNREACHABLE_CODE = YES;
				CLANG_WARN__DUPLICATE_METHOD_MATCH = YES;
				CODE_SIGN_IDENTITY = "-";
				COPY_PHASE_STRIP = NO;
				DEBUG_INFORMATION_FORMAT = "dwarf-with-dsym";
				ENABLE_NS_ASSERTIONS = NO;
				ENABLE_STRICT_OBJC_MSGSEND = YES;
				GCC_C_LANGUAGE_STANDARD = gnu99;
				GCC_NO_COMMON_BLOCKS = YES;
				GCC_WARN_64_TO_32_BIT_CONVERSION = YES;
				GCC_WARN_ABOUT_RETURN_TYPE = YES_ERROR;
				GCC_WARN_UNDECLARED_SELECTOR = YES;
				GCC_WARN_UNINITIALIZED_AUTOS = YES_AGGRESSIVE;
				GCC_WARN_UNUSED_FUNCTION = YES;
				GCC_WARN_UNUSED_VARIABLE = YES;
				MACOSX_DEPLOYMENT_TARGET = 10.12;
				MTL_ENABLE_DEBUG_INFO = NO;
				SDKROOT = macosx;
			};
			name = Release;
		};
		FFDC68F51E5A12B300FFA935 /* Debug */ = {
			isa = XCBuildConfiguration;
			buildSettings = {
				ALWAYS_EMBED_SWIFT_STANDARD_LIBRARIES = YES;
				CLANG_ENABLE_MODULES = YES;
				COMBINE_HIDPI_IMAGES = YES;
				INFOPLIST_FILE = PanoramaScreenSaver/Info.plist;
				INSTALL_PATH = "$(HOME)/Library/Screen Savers";
				LD_RUNPATH_SEARCH_PATHS = "$(inherited) @executable_path/../Frameworks @loader_path/../Frameworks";
				PRODUCT_BUNDLE_IDENTIFIER = louislagrange.PanoramaScreenSaver;
				PRODUCT_NAME = "$(TARGET_NAME)";
				SWIFT_OPTIMIZATION_LEVEL = "-Onone";
				SWIFT_VERSION = 3.0;
				WRAPPER_EXTENSION = saver;
			};
			name = Debug;
		};
		FFDC68F61E5A12B300FFA935 /* Release */ = {
			isa = XCBuildConfiguration;
			buildSettings = {
				ALWAYS_EMBED_SWIFT_STANDARD_LIBRARIES = YES;
				CLANG_ENABLE_MODULES = YES;
				COMBINE_HIDPI_IMAGES = YES;
				INFOPLIST_FILE = PanoramaScreenSaver/Info.plist;
				INSTALL_PATH = "$(HOME)/Library/Screen Savers";
				LD_RUNPATH_SEARCH_PATHS = "$(inherited) @executable_path/../Frameworks @loader_path/../Frameworks";
				PRODUCT_BUNDLE_IDENTIFIER = louislagrange.PanoramaScreenSaver;
				PRODUCT_NAME = "$(TARGET_NAME)";
				SWIFT_VERSION = 3.0;
				WRAPPER_EXTENSION = saver;
			};
			name = Release;
		};
/* End XCBuildConfiguration section */

/* Begin XCConfigurationList section */
		FF054EC71E5A1F3200EC31DD /* Build configuration list for PBXNativeTarget "PanoramaScreenSaverApp" */ = {
			isa = XCConfigurationList;
			buildConfigurations = (
				FF054EC81E5A1F3200EC31DD /* Debug */,
				FF054EC91E5A1F3200EC31DD /* Release */,
			);
			defaultConfigurationIsVisible = 0;
			defaultConfigurationName = Release;
		};
		FFDC68E41E5A12B300FFA935 /* Build configuration list for PBXProject "PanoramaScreenSaver" */ = {
			isa = XCConfigurationList;
			buildConfigurations = (
				FFDC68F21E5A12B300FFA935 /* Debug */,
				FFDC68F31E5A12B300FFA935 /* Release */,
			);
			defaultConfigurationIsVisible = 0;
			defaultConfigurationName = Release;
		};
		FFDC68F41E5A12B300FFA935 /* Build configuration list for PBXNativeTarget "PanoramaScreenSaver" */ = {
			isa = XCConfigurationList;
			buildConfigurations = (
				FFDC68F51E5A12B300FFA935 /* Debug */,
				FFDC68F61E5A12B300FFA935 /* Release */,
			);
			defaultConfigurationIsVisible = 0;
			defaultConfigurationName = Release;
		};
/* End XCConfigurationList section */
	};
	rootObject = FFDC68E11E5A12B300FFA935 /* Project object */;
}
